
Microsoft Visual Studio Solution File, Format Version 12.00
# Visual Studio Version 17
VisualStudioVersion = 17.13.35825.156
MinimumVisualStudioVersion = 10.0.40219.1
Project("{FAE04EC0-301F-11D3-BF4B-00C04F79EFBC}") = "API", "API\API.csproj", "{763DCAFB-65FC-4C93-803C-67837EA079AD}"
EndProject
Project("{FAE04EC0-301F-11D3-BF4B-00C04F79EFBC}") = "ResortManagementApp", "ResortManagementApp\ResortManagementApp.csproj", "{A2A8A9F4-4D7E-44C8-872B-B5D8D0E09A1C}"
EndProject
Global
	GlobalSection(SolutionConfigurationPlatforms) = preSolution
		Debug|Any CPU = Debug|Any CPU
		Release|Any CPU = Release|Any CPU
	EndGlobalSection
	GlobalSection(ProjectConfigurationPlatforms) = postSolution
		{763DCAFB-65FC-4C93-803C-67837EA079AD}.Debug|Any CPU.ActiveCfg = Debug|Any CPU
		{763DCAFB-65FC-4C93-803C-67837EA079AD}.Debug|Any CPU.Build.0 = Debug|Any CPU
		{763DCAFB-65FC-4C93-803C-67837EA079AD}.Release|Any CPU.ActiveCfg = Release|Any CPU
		{763DCAFB-65FC-4C93-803C-67837EA079AD}.Release|Any CPU.Build.0 = Release|Any CPU
		{A2A8A9F4-4D7E-44C8-872B-B5D8D0E09A1C}.Debug|Any CPU.ActiveCfg = Debug|Any CPU
		{A2A8A9F4-4D7E-44C8-872B-B5D8D0E09A1C}.Debug|Any CPU.Build.0 = Debug|Any CPU
		{A2A8A9F4-4D7E-44C8-872B-B5D8D0E09A1C}.Release|Any CPU.ActiveCfg = Release|Any CPU
		{A2A8A9F4-4D7E-44C8-872B-B5D8D0E09A1C}.Release|Any CPU.Build.0 = Release|Any CPU
	EndGlobalSection
	GlobalSection(SolutionProperties) = preSolution
		HideSolutionNode = FALSE
	EndGlobalSection
	GlobalSection(ExtensibilityGlobals) = postSolution
		SolutionGuid = {0EB01DF8-A298-4182-A497-C90874780037}
	EndGlobalSection
EndGlobal
