
Microsoft Visual Studio Solution File, Format Version 12.00
# Visual Studio Version 17
VisualStudioVersion = 17.13.35825.156
MinimumVisualStudioVersion = 10.0.40219.1
Project("{FAE04EC0-301F-11D3-BF4B-00C04F79EFBC}") = "FirstBlazerProject", "FirstBlazerProject\FirstBlazerProject\FirstBlazerProject.csproj", "{D8BDBCF1-6631-43AC-B626-45CF3E5325ED}"
EndProject
Project("{FAE04EC0-301F-11D3-BF4B-00C04F79EFBC}") = "FirstBlazerProject.Client", "FirstBlazerProject\FirstBlazerProject.Client\FirstBlazerProject.Client.csproj", "{E7004B7F-5F1D-4232-84F5-C6B6CD6ED7C2}"
EndProject
Project("{FAE04EC0-301F-11D3-BF4B-00C04F79EFBC}") = "EmployeeManagementModel", "EmployeeManagementModel\EmployeeManagementModel.csproj", "{E3D363E2-48B7-4E4C-ABA1-4A5C8129156E}"
EndProject
Global
	GlobalSection(SolutionConfigurationPlatforms) = preSolution
		Debug|Any CPU = Debug|Any CPU
		Release|Any CPU = Release|Any CPU
	EndGlobalSection
	GlobalSection(ProjectConfigurationPlatforms) = postSolution
		{D8BDBCF1-6631-43AC-B626-45CF3E5325ED}.Debug|Any CPU.ActiveCfg = Debug|Any CPU
		{D8BDBCF1-6631-43AC-B626-45CF3E5325ED}.Debug|Any CPU.Build.0 = Debug|Any CPU
		{D8BDBCF1-6631-43AC-B626-45CF3E5325ED}.Release|Any CPU.ActiveCfg = Release|Any CPU
		{D8BDBCF1-6631-43AC-B626-45CF3E5325ED}.Release|Any CPU.Build.0 = Release|Any CPU
		{E7004B7F-5F1D-4232-84F5-C6B6CD6ED7C2}.Debug|Any CPU.ActiveCfg = Debug|Any CPU
		{E7004B7F-5F1D-4232-84F5-C6B6CD6ED7C2}.Debug|Any CPU.Build.0 = Debug|Any CPU
		{E7004B7F-5F1D-4232-84F5-C6B6CD6ED7C2}.Release|Any CPU.ActiveCfg = Release|Any CPU
		{E7004B7F-5F1D-4232-84F5-C6B6CD6ED7C2}.Release|Any CPU.Build.0 = Release|Any CPU
		{E3D363E2-48B7-4E4C-ABA1-4A5C8129156E}.Debug|Any CPU.ActiveCfg = Debug|Any CPU
		{E3D363E2-48B7-4E4C-ABA1-4A5C8129156E}.Debug|Any CPU.Build.0 = Debug|Any CPU
		{E3D363E2-48B7-4E4C-ABA1-4A5C8129156E}.Release|Any CPU.ActiveCfg = Release|Any CPU
		{E3D363E2-48B7-4E4C-ABA1-4A5C8129156E}.Release|Any CPU.Build.0 = Release|Any CPU
	EndGlobalSection
	GlobalSection(SolutionProperties) = preSolution
		HideSolutionNode = FALSE
	EndGlobalSection
	GlobalSection(ExtensibilityGlobals) = postSolution
		SolutionGuid = {0EB01DF8-A298-4182-A497-C90874780037}
	EndGlobalSection
EndGlobal
